// !$*UTF8*$!
{
	archiveVersion = 1;
	classes = {
	};
	objectVersion = 50;
	objects = {

/* Begin PBXBuildFile section */
		2A2F4BA324C4FC1600B2F8D9 /* Sales.swift in Sources */ = {isa = PBXBuildFile; fileRef = 2A2F4BA224C4FC1600B2F8D9 /* Sales.swift */; };
		2A2F4BCD24C5A26700B2F8D9 /* PersistenceManager.swift in Sources */ = {isa = PBXBuildFile; fileRef = 2A2F4BCC24C5A26700B2F8D9 /* PersistenceManager.swift */; };
		2A2F4BD024C5A72100B2F8D9 /* Factory.swift in Sources */ = {isa = PBXBuildFile; fileRef = 2A2F4BCF24C5A72100B2F8D9 /* Factory.swift */; };
		2A2F4BD224C5A84600B2F8D9 /* Product.swift in Sources */ = {isa = PBXBuildFile; fileRef = 2A2F4BD124C5A84600B2F8D9 /* Product.swift */; };
		2A85734124C5CFB3009FF51A /* Equipment.swift in Sources */ = {isa = PBXBuildFile; fileRef = 2A85734024C5CFB3009FF51A /* Equipment.swift */; };
		2A85734324C5D853009FF51A /* Expenses.swift in Sources */ = {isa = PBXBuildFile; fileRef = 2A85734224C5D853009FF51A /* Expenses.swift */; };
		2A85734524C5D8B2009FF51A /* Staff.swift in Sources */ = {isa = PBXBuildFile; fileRef = 2A85734424C5D8B2009FF51A /* Staff.swift */; };
		2A85734724C5DBCF009FF51A /* ProductView.swift in Sources */ = {isa = PBXBuildFile; fileRef = 2A85734624C5DBCF009FF51A /* ProductView.swift */; };
		2A85734924C5FDB1009FF51A /* ListRow.swift in Sources */ = {isa = PBXBuildFile; fileRef = 2A85734824C5FDB1009FF51A /* ListRow.swift */; };
		2A936E5324C63DF100C34381 /* Array+Ext.swift in Sources */ = {isa = PBXBuildFile; fileRef = 2A936E5224C63DF100C34381 /* Array+Ext.swift */; };
		2AADA09A24C4F4A8005F1E9F /* Factory_ModelApp.swift in Sources */ = {isa = PBXBuildFile; fileRef = 2AADA09924C4F4A8005F1E9F /* Factory_ModelApp.swift */; };
		2AADA09C24C4F4A8005F1E9F /* ContentView.swift in Sources */ = {isa = PBXBuildFile; fileRef = 2AADA09B24C4F4A8005F1E9F /* ContentView.swift */; };
		2AADA09E24C4F4A9005F1E9F /* Assets.xcassets in Resources */ = {isa = PBXBuildFile; fileRef = 2AADA09D24C4F4A9005F1E9F /* Assets.xcassets */; };
		2AADA0A124C4F4A9005F1E9F /* Preview Assets.xcassets in Resources */ = {isa = PBXBuildFile; fileRef = 2AADA0A024C4F4A9005F1E9F /* Preview Assets.xcassets */; };
		2AADA0AA24C4F4E2005F1E9F /* DataModel.xcdatamodeld in Sources */ = {isa = PBXBuildFile; fileRef = 2AADA0A824C4F4E2005F1E9F /* DataModel.xcdatamodeld */; };
		2AC07F9324C5AA4200BB23B1 /* FactoryList.swift in Sources */ = {isa = PBXBuildFile; fileRef = 2AC07F9224C5AA4200BB23B1 /* FactoryList.swift */; };
		2AC07F9524C5ABA500BB23B1 /* FactoryView.swift in Sources */ = {isa = PBXBuildFile; fileRef = 2AC07F9424C5ABA500BB23B1 /* FactoryView.swift */; };
/* End PBXBuildFile section */

/* Begin PBXFileReference section */
		2A2F4BA224C4FC1600B2F8D9 /* Sales.swift */ = {isa = PBXFileReference; lastKnownFileType = sourcecode.swift; path = Sales.swift; sourceTree = "<group>"; };
		2A2F4BCC24C5A26700B2F8D9 /* PersistenceManager.swift */ = {isa = PBXFileReference; lastKnownFileType = sourcecode.swift; path = PersistenceManager.swift; sourceTree = "<group>"; };
		2A2F4BCF24C5A72100B2F8D9 /* Factory.swift */ = {isa = PBXFileReference; lastKnownFileType = sourcecode.swift; path = Factory.swift; sourceTree = "<group>"; };
		2A2F4BD124C5A84600B2F8D9 /* Product.swift */ = {isa = PBXFileReference; lastKnownFileType = sourcecode.swift; path = Product.swift; sourceTree = "<group>"; };
		2A85734024C5CFB3009FF51A /* Equipment.swift */ = {isa = PBXFileReference; lastKnownFileType = sourcecode.swift; path = Equipment.swift; sourceTree = "<group>"; };
		2A85734224C5D853009FF51A /* Expenses.swift */ = {isa = PBXFileReference; lastKnownFileType = sourcecode.swift; path = Expenses.swift; sourceTree = "<group>"; };
		2A85734424C5D8B2009FF51A /* Staff.swift */ = {isa = PBXFileReference; lastKnownFileType = sourcecode.swift; path = Staff.swift; sourceTree = "<group>"; };
		2A85734624C5DBCF009FF51A /* ProductView.swift */ = {isa = PBXFileReference; lastKnownFileType = sourcecode.swift; path = ProductView.swift; sourceTree = "<group>"; };
		2A85734824C5FDB1009FF51A /* ListRow.swift */ = {isa = PBXFileReference; lastKnownFileType = sourcecode.swift; path = ListRow.swift; sourceTree = "<group>"; };
		2A85734A24C62A6E009FF51A /* ReduceArrayIntoDictionary.playground */ = {isa = PBXFileReference; lastKnownFileType = file.playground; path = ReduceArrayIntoDictionary.playground; sourceTree = "<group>"; xcLanguageSpecificationIdentifier = xcode.lang.swift; };
		2A936E5224C63DF100C34381 /* Array+Ext.swift */ = {isa = PBXFileReference; lastKnownFileType = sourcecode.swift; path = "Array+Ext.swift"; sourceTree = "<group>"; };
		2AADA09624C4F4A8005F1E9F /* Factory Model.app */ = {isa = PBXFileReference; explicitFileType = wrapper.application; includeInIndex = 0; path = "Factory Model.app"; sourceTree = BUILT_PRODUCTS_DIR; };
		2AADA09924C4F4A8005F1E9F /* Factory_ModelApp.swift */ = {isa = PBXFileReference; lastKnownFileType = sourcecode.swift; path = Factory_ModelApp.swift; sourceTree = "<group>"; };
		2AADA09B24C4F4A8005F1E9F /* ContentView.swift */ = {isa = PBXFileReference; lastKnownFileType = sourcecode.swift; path = ContentView.swift; sourceTree = "<group>"; };
		2AADA09D24C4F4A9005F1E9F /* Assets.xcassets */ = {isa = PBXFileReference; lastKnownFileType = folder.assetcatalog; path = Assets.xcassets; sourceTree = "<group>"; };
		2AADA0A024C4F4A9005F1E9F /* Preview Assets.xcassets */ = {isa = PBXFileReference; lastKnownFileType = folder.assetcatalog; path = "Preview Assets.xcassets"; sourceTree = "<group>"; };
		2AADA0A224C4F4A9005F1E9F /* Info.plist */ = {isa = PBXFileReference; lastKnownFileType = text.plist.xml; path = Info.plist; sourceTree = "<group>"; };
		2AADA0A924C4F4E2005F1E9F /* DataModel.xcdatamodel */ = {isa = PBXFileReference; lastKnownFileType = wrapper.xcdatamodel; path = DataModel.xcdatamodel; sourceTree = "<group>"; };
		2AC07F9224C5AA4200BB23B1 /* FactoryList.swift */ = {isa = PBXFileReference; lastKnownFileType = sourcecode.swift; path = FactoryList.swift; sourceTree = "<group>"; };
		2AC07F9424C5ABA500BB23B1 /* FactoryView.swift */ = {isa = PBXFileReference; lastKnownFileType = sourcecode.swift; path = FactoryView.swift; sourceTree = "<group>"; };
/* End PBXFileReference section */

/* Begin PBXFrameworksBuildPhase section */
		2AADA09324C4F4A8005F1E9F /* Frameworks */ = {
			isa = PBXFrameworksBuildPhase;
			buildActionMask = 2147483647;
			files = (
			);
			runOnlyForDeploymentPostprocessing = 0;
		};
/* End PBXFrameworksBuildPhase section */

/* Begin PBXGroup section */
		2A2F4BCE24C5A42000B2F8D9 /* Core Data Model */ = {
			isa = PBXGroup;
			children = (
				2A85734A24C62A6E009FF51A /* ReduceArrayIntoDictionary.playground */,
				2A2F4BA224C4FC1600B2F8D9 /* Sales.swift */,
				2A2F4BCF24C5A72100B2F8D9 /* Factory.swift */,
				2A2F4BD124C5A84600B2F8D9 /* Product.swift */,
				2A85734424C5D8B2009FF51A /* Staff.swift */,
				2A85734224C5D853009FF51A /* Expenses.swift */,
				2A85734024C5CFB3009FF51A /* Equipment.swift */,
				2A2F4BCC24C5A26700B2F8D9 /* PersistenceManager.swift */,
				2AADA0A824C4F4E2005F1E9F /* DataModel.xcdatamodeld */,
			);
			path = "Core Data Model";
			sourceTree = "<group>";
		};
		2AADA08D24C4F4A8005F1E9F = {
			isa = PBXGroup;
			children = (
				2AADA09824C4F4A8005F1E9F /* Factory Model */,
				2AADA09724C4F4A8005F1E9F /* Products */,
			);
			sourceTree = "<group>";
		};
		2AADA09724C4F4A8005F1E9F /* Products */ = {
			isa = PBXGroup;
			children = (
				2AADA09624C4F4A8005F1E9F /* Factory Model.app */,
			);
			name = Products;
			sourceTree = "<group>";
		};
		2AADA09824C4F4A8005F1E9F /* Factory Model */ = {
			isa = PBXGroup;
			children = (
				2AADA09924C4F4A8005F1E9F /* Factory_ModelApp.swift */,
				2AADA09B24C4F4A8005F1E9F /* ContentView.swift */,
				2A85734824C5FDB1009FF51A /* ListRow.swift */,
				2AC07F9224C5AA4200BB23B1 /* FactoryList.swift */,
				2AC07F9424C5ABA500BB23B1 /* FactoryView.swift */,
				2A85734624C5DBCF009FF51A /* ProductView.swift */,
				2A936E5224C63DF100C34381 /* Array+Ext.swift */,
				2A2F4BCE24C5A42000B2F8D9 /* Core Data Model */,
				2AADA09D24C4F4A9005F1E9F /* Assets.xcassets */,
				2AADA0A224C4F4A9005F1E9F /* Info.plist */,
				2AADA09F24C4F4A9005F1E9F /* Preview Content */,
			);
			path = "Factory Model";
			sourceTree = "<group>";
		};
		2AADA09F24C4F4A9005F1E9F /* Preview Content */ = {
			isa = PBXGroup;
			children = (
				2AADA0A024C4F4A9005F1E9F /* Preview Assets.xcassets */,
			);
			path = "Preview Content";
			sourceTree = "<group>";
		};
/* End PBXGroup section */

/* Begin PBXNativeTarget section */
		2AADA09524C4F4A8005F1E9F /* Factory Model */ = {
			isa = PBXNativeTarget;
			buildConfigurationList = 2AADA0A524C4F4A9005F1E9F /* Build configuration list for PBXNativeTarget "Factory Model" */;
			buildPhases = (
				2AADA09224C4F4A8005F1E9F /* Sources */,
				2AADA09324C4F4A8005F1E9F /* Frameworks */,
				2AADA09424C4F4A8005F1E9F /* Resources */,
			);
			buildRules = (
			);
			dependencies = (
			);
			name = "Factory Model";
			productName = "Factory Model";
			productReference = 2AADA09624C4F4A8005F1E9F /* Factory Model.app */;
			productType = "com.apple.product-type.application";
		};
/* End PBXNativeTarget section */

/* Begin PBXProject section */
		2AADA08E24C4F4A8005F1E9F /* Project object */ = {
			isa = PBXProject;
			attributes = {
				LastSwiftUpdateCheck = 1200;
				LastUpgradeCheck = 1200;
				TargetAttributes = {
					2AADA09524C4F4A8005F1E9F = {
						CreatedOnToolsVersion = 12.0;
					};
				};
			};
			buildConfigurationList = 2AADA09124C4F4A8005F1E9F /* Build configuration list for PBXProject "Factory Model" */;
			compatibilityVersion = "Xcode 9.3";
			developmentRegion = en;
			hasScannedForEncodings = 0;
			knownRegions = (
				en,
				Base,
			);
			mainGroup = 2AADA08D24C4F4A8005F1E9F;
			productRefGroup = 2AADA09724C4F4A8005F1E9F /* Products */;
			projectDirPath = "";
			projectRoot = "";
			targets = (
				2AADA09524C4F4A8005F1E9F /* Factory Model */,
			);
		};
/* End PBXProject section */

/* Begin PBXResourcesBuildPhase section */
		2AADA09424C4F4A8005F1E9F /* Resources */ = {
			isa = PBXResourcesBuildPhase;
			buildActionMask = 2147483647;
			files = (
				2AADA0A124C4F4A9005F1E9F /* Preview Assets.xcassets in Resources */,
				2AADA09E24C4F4A9005F1E9F /* Assets.xcassets in Resources */,
			);
			runOnlyForDeploymentPostprocessing = 0;
		};
/* End PBXResourcesBuildPhase section */

/* Begin PBXSourcesBuildPhase section */
		2AADA09224C4F4A8005F1E9F /* Sources */ = {
			isa = PBXSourcesBuildPhase;
			buildActionMask = 2147483647;
			files = (
				2A85734324C5D853009FF51A /* Expenses.swift in Sources */,
				2AC07F9324C5AA4200BB23B1 /* FactoryList.swift in Sources */,
				2AADA0AA24C4F4E2005F1E9F /* DataModel.xcdatamodeld in Sources */,
				2AC07F9524C5ABA500BB23B1 /* FactoryView.swift in Sources */,
				2A2F4BCD24C5A26700B2F8D9 /* PersistenceManager.swift in Sources */,
				2A85734724C5DBCF009FF51A /* ProductView.swift in Sources */,
				2A85734124C5CFB3009FF51A /* Equipment.swift in Sources */,
				2A85734524C5D8B2009FF51A /* Staff.swift in Sources */,
				2A2F4BD024C5A72100B2F8D9 /* Factory.swift in Sources */,
				2AADA09C24C4F4A8005F1E9F /* ContentView.swift in Sources */,
				2A2F4BA324C4FC1600B2F8D9 /* Sales.swift in Sources */,
				2AADA09A24C4F4A8005F1E9F /* Factory_ModelApp.swift in Sources */,
				2A936E5324C63DF100C34381 /* Array+Ext.swift in Sources */,
				2A85734924C5FDB1009FF51A /* ListRow.swift in Sources */,
				2A2F4BD224C5A84600B2F8D9 /* Product.swift in Sources */,
			);
			runOnlyForDeploymentPostprocessing = 0;
		};
/* End PBXSourcesBuildPhase section */

/* Begin XCBuildConfiguration section */
		2AADA0A324C4F4A9005F1E9F /* Debug */ = {
			isa = XCBuildConfiguration;
			buildSettings = {
				ALWAYS_SEARCH_USER_PATHS = NO;
				CLANG_ANALYZER_NONNULL = YES;
				CLANG_ANALYZER_NUMBER_OBJECT_CONVERSION = YES_AGGRESSIVE;
				CLANG_CXX_LANGUAGE_STANDARD = "gnu++14";
				CLANG_CXX_LIBRARY = "libc++";
				CLANG_ENABLE_MODULES = YES;
				CLANG_ENABLE_OBJC_ARC = YES;
				CLANG_ENABLE_OBJC_WEAK = YES;
				CLANG_WARN_BLOCK_CAPTURE_AUTORELEASING = YES;
				CLANG_WARN_BOOL_CONVERSION = YES;
				CLANG_WARN_COMMA = YES;
				CLANG_WARN_CONSTANT_CONVERSION = YES;
				CLANG_WARN_DEPRECATED_OBJC_IMPLEMENTATIONS = YES;
				CLANG_WARN_DIRECT_OBJC_ISA_USAGE = YES_ERROR;
				CLANG_WARN_DOCUMENTATION_COMMENTS = YES;
				CLANG_WARN_EMPTY_BODY = YES;
				CLANG_WARN_ENUM_CONVERSION = YES;
				CLANG_WARN_INFINITE_RECURSION = YES;
				CLANG_WARN_INT_CONVERSION = YES;
				CLANG_WARN_NON_LITERAL_NULL_CONVERSION = YES;
				CLANG_WARN_OBJC_IMPLICIT_RETAIN_SELF = YES;
				CLANG_WARN_OBJC_LITERAL_CONVERSION = YES;
				CLANG_WARN_OBJC_ROOT_CLASS = YES_ERROR;
				CLANG_WARN_QUOTED_INCLUDE_IN_FRAMEWORK_HEADER = YES;
				CLANG_WARN_RANGE_LOOP_ANALYSIS = YES;
				CLANG_WARN_STRICT_PROTOTYPES = YES;
				CLANG_WARN_SUSPICIOUS_MOVE = YES;
				CLANG_WARN_UNGUARDED_AVAILABILITY = YES_AGGRESSIVE;
				CLANG_WARN_UNREACHABLE_CODE = YES;
				CLANG_WARN__DUPLICATE_METHOD_MATCH = YES;
				COPY_PHASE_STRIP = NO;
				DEBUG_INFORMATION_FORMAT = dwarf;
				ENABLE_STRICT_OBJC_MSGSEND = YES;
				ENABLE_TESTABILITY = YES;
				GCC_C_LANGUAGE_STANDARD = gnu11;
				GCC_DYNAMIC_NO_PIC = NO;
				GCC_NO_COMMON_BLOCKS = YES;
				GCC_OPTIMIZATION_LEVEL = 0;
				GCC_PREPROCESSOR_DEFINITIONS = (
					"DEBUG=1",
					"$(inherited)",
				);
				GCC_WARN_64_TO_32_BIT_CONVERSION = YES;
				GCC_WARN_ABOUT_RETURN_TYPE = YES_ERROR;
				GCC_WARN_UNDECLARED_SELECTOR = YES;
				GCC_WARN_UNINITIALIZED_AUTOS = YES_AGGRESSIVE;
				GCC_WARN_UNUSED_FUNCTION = YES;
				GCC_WARN_UNUSED_VARIABLE = YES;
				IPHONEOS_DEPLOYMENT_TARGET = 14.0;
				MTL_ENABLE_DEBUG_INFO = INCLUDE_SOURCE;
				MTL_FAST_MATH = YES;
				ONLY_ACTIVE_ARCH = YES;
				SDKROOT = iphoneos;
				SWIFT_ACTIVE_COMPILATION_CONDITIONS = DEBUG;
				SWIFT_OPTIMIZATION_LEVEL = "-Onone";
			};
			name = Debug;
		};
		2AADA0A424C4F4A9005F1E9F /* Release */ = {
			isa = XCBuildConfiguration;
			buildSettings = {
				ALWAYS_SEARCH_USER_PATHS = NO;
				CLANG_ANALYZER_NONNULL = YES;
				CLANG_ANALYZER_NUMBER_OBJECT_CONVERSION = YES_AGGRESSIVE;
				CLANG_CXX_LANGUAGE_STANDARD = "gnu++14";
				CLANG_CXX_LIBRARY = "libc++";
				CLANG_ENABLE_MODULES = YES;
				CLANG_ENABLE_OBJC_ARC = YES;
				CLANG_ENABLE_OBJC_WEAK = YES;
				CLANG_WARN_BLOCK_CAPTURE_AUTORELEASING = YES;
				CLANG_WARN_BOOL_CONVERSION = YES;
				CLANG_WARN_COMMA = YES;
				CLANG_WARN_CONSTANT_CONVERSION = YES;
				CLANG_WARN_DEPRECATED_OBJC_IMPLEMENTATIONS = YES;
				CLANG_WARN_DIRECT_OBJC_ISA_USAGE = YES_ERROR;
				CLANG_WARN_DOCUMENTATION_COMMENTS = YES;
				CLANG_WARN_EMPTY_BODY = YES;
				CLANG_WARN_ENUM_CONVERSION = YES;
				CLANG_WARN_INFINITE_RECURSION = YES;
				CLANG_WARN_INT_CONVERSION = YES;
				CLANG_WARN_NON_LITERAL_NULL_CONVERSION = YES;
				CLANG_WARN_OBJC_IMPLICIT_RETAIN_SELF = YES;
				CLANG_WARN_OBJC_LITERAL_CONVERSION = YES;
				CLANG_WARN_OBJC_ROOT_CLASS = YES_ERROR;
				CLANG_WARN_QUOTED_INCLUDE_IN_FRAMEWORK_HEADER = YES;
				CLANG_WARN_RANGE_LOOP_ANALYSIS = YES;
				CLANG_WARN_STRICT_PROTOTYPES = YES;
				CLANG_WARN_SUSPICIOUS_MOVE = YES;
				CLANG_WARN_UNGUARDED_AVAILABILITY = YES_AGGRESSIVE;
				CLANG_WARN_UNREACHABLE_CODE = YES;
				CLANG_WARN__DUPLICATE_METHOD_MATCH = YES;
				COPY_PHASE_STRIP = NO;
				DEBUG_INFORMATION_FORMAT = "dwarf-with-dsym";
				ENABLE_NS_ASSERTIONS = NO;
				ENABLE_STRICT_OBJC_MSGSEND = YES;
				GCC_C_LANGUAGE_STANDARD = gnu11;
				GCC_NO_COMMON_BLOCKS = YES;
				GCC_WARN_64_TO_32_BIT_CONVERSION = YES;
				GCC_WARN_ABOUT_RETURN_TYPE = YES_ERROR;
				GCC_WARN_UNDECLARED_SELECTOR = YES;
				GCC_WARN_UNINITIALIZED_AUTOS = YES_AGGRESSIVE;
				GCC_WARN_UNUSED_FUNCTION = YES;
				GCC_WARN_UNUSED_VARIABLE = YES;
				IPHONEOS_DEPLOYMENT_TARGET = 14.0;
				MTL_ENABLE_DEBUG_INFO = NO;
				MTL_FAST_MATH = YES;
				SDKROOT = iphoneos;
				SWIFT_COMPILATION_MODE = wholemodule;
				SWIFT_OPTIMIZATION_LEVEL = "-O";
				VALIDATE_PRODUCT = YES;
			};
			name = Release;
		};
		2AADA0A624C4F4A9005F1E9F /* Debug */ = {
			isa = XCBuildConfiguration;
			buildSettings = {
				ASSETCATALOG_COMPILER_APPICON_NAME = AppIcon;
				ASSETCATALOG_COMPILER_GLOBAL_ACCENT_COLOR_NAME = AccentColor;
				CODE_SIGN_STYLE = Automatic;
				DEVELOPMENT_ASSET_PATHS = "\"Factory Model/Preview Content\"";
				DEVELOPMENT_TEAM = VRVJ9YNRQU;
				ENABLE_PREVIEWS = YES;
				INFOPLIST_FILE = "Factory Model/Info.plist";
				IPHONEOS_DEPLOYMENT_TARGET = 14.0;
				LD_RUNPATH_SEARCH_PATHS = (
					"$(inherited)",
					"@executable_path/Frameworks",
				);
				PRODUCT_BUNDLE_IDENTIFIER = com.photoigor.FactoryModel;
				PRODUCT_NAME = "$(TARGET_NAME)";
				SWIFT_VERSION = 5.0;
				TARGETED_DEVICE_FAMILY = "1,2";
			};
			name = Debug;
		};
		2AADA0A724C4F4A9005F1E9F /* Release */ = {
			isa = XCBuildConfiguration;
			buildSettings = {
				ASSETCATALOG_COMPILER_APPICON_NAME = AppIcon;
				ASSETCATALOG_COMPILER_GLOBAL_ACCENT_COLOR_NAME = AccentColor;
				CODE_SIGN_STYLE = Automatic;
				DEVELOPMENT_ASSET_PATHS = "\"Factory Model/Preview Content\"";
				DEVELOPMENT_TEAM = VRVJ9YNRQU;
				ENABLE_PREVIEWS = YES;
				INFOPLIST_FILE = "Factory Model/Info.plist";
				IPHONEOS_DEPLOYMENT_TARGET = 14.0;
				LD_RUNPATH_SEARCH_PATHS = (
					"$(inherited)",
					"@executable_path/Frameworks",
				);
				PRODUCT_BUNDLE_IDENTIFIER = com.photoigor.FactoryModel;
				PRODUCT_NAME = "$(TARGET_NAME)";
				SWIFT_VERSION = 5.0;
				TARGETED_DEVICE_FAMILY = "1,2";
			};
			name = Release;
		};
/* End XCBuildConfiguration section */

/* Begin XCConfigurationList section */
		2AADA09124C4F4A8005F1E9F /* Build configuration list for PBXProject "Factory Model" */ = {
			isa = XCConfigurationList;
			buildConfigurations = (
				2AADA0A324C4F4A9005F1E9F /* Debug */,
				2AADA0A424C4F4A9005F1E9F /* Release */,
			);
			defaultConfigurationIsVisible = 0;
			defaultConfigurationName = Release;
		};
		2AADA0A524C4F4A9005F1E9F /* Build configuration list for PBXNativeTarget "Factory Model" */ = {
			isa = XCConfigurationList;
			buildConfigurations = (
				2AADA0A624C4F4A9005F1E9F /* Debug */,
				2AADA0A724C4F4A9005F1E9F /* Release */,
			);
			defaultConfigurationIsVisible = 0;
			defaultConfigurationName = Release;
		};
/* End XCConfigurationList section */

/* Begin XCVersionGroup section */
		2AADA0A824C4F4E2005F1E9F /* DataModel.xcdatamodeld */ = {
			isa = XCVersionGroup;
			children = (
				2AADA0A924C4F4E2005F1E9F /* DataModel.xcdatamodel */,
			);
			currentVersion = 2AADA0A924C4F4E2005F1E9F /* DataModel.xcdatamodel */;
			path = DataModel.xcdatamodeld;
			sourceTree = "<group>";
			versionGroupType = wrapper.xcdatamodel;
		};
/* End XCVersionGroup section */
	};
	rootObject = 2AADA08E24C4F4A8005F1E9F /* Project object */;
}
