// !$*UTF8*$!
{
	archiveVersion = 1;
	classes = {
	};
	objectVersion = 52;
	objects = {

/* Begin PBXBuildFile section */
		2A024CF624CD9419001A4B5C /* Validatable.swift in Sources */ = {isa = PBXBuildFile; fileRef = 2A024CF524CD9419001A4B5C /* Validatable.swift */; };
		2A02DF1A24CAEED400A6E35A /* ProductPicker.swift in Sources */ = {isa = PBXBuildFile; fileRef = 2A02DF1924CAEED400A6E35A /* ProductPicker.swift */; };
		2A02DF1C24CAF30D00A6E35A /* ProductView.swift in Sources */ = {isa = PBXBuildFile; fileRef = 2A02DF1B24CAF30D00A6E35A /* ProductView.swift */; };
		2A02DF1E24CB066F00A6E35A /* ProductList.swift in Sources */ = {isa = PBXBuildFile; fileRef = 2A02DF1D24CB066F00A6E35A /* ProductList.swift */; };
		2A0FBA4124D5597900F963CE /* Offspringable.swift in Sources */ = {isa = PBXBuildFile; fileRef = 2A0FBA4024D5597900F963CE /* Offspringable.swift */; };
		2A0FBA4924D5A4E000F963CE /* SalesEditorCore.swift in Sources */ = {isa = PBXBuildFile; fileRef = 2A0FBA4824D5A4E000F963CE /* SalesEditorCore.swift */; };
		2A13E4CF24C9B4BD00016CBC /* StringPicker.swift in Sources */ = {isa = PBXBuildFile; fileRef = 2A13E4CE24C9B4BD00016CBC /* StringPicker.swift */; };
		2A13E4D124C9EF5F00016CBC /* Summarizable.swift in Sources */ = {isa = PBXBuildFile; fileRef = 2A13E4D024C9EF5F00016CBC /* Summarizable.swift */; };
		2A1CE59B24D546C9000D9621 /* FinancialLabel.swift in Sources */ = {isa = PBXBuildFile; fileRef = 2A1CE59A24D546C9000D9621 /* FinancialLabel.swift */; };
		2A21714624D5F2F4000055F3 /* NewEntityCreator.swift in Sources */ = {isa = PBXBuildFile; fileRef = 2A21714524D5F2F4000055F3 /* NewEntityCreator.swift */; };
		2A21714824D5F5D0000055F3 /* ProductEditorCore.swift in Sources */ = {isa = PBXBuildFile; fileRef = 2A21714724D5F5D0000055F3 /* ProductEditorCore.swift */; };
		2A21714A24D5FBBB000055F3 /* IngredientEditorCore.swift in Sources */ = {isa = PBXBuildFile; fileRef = 2A21714924D5FBBB000055F3 /* IngredientEditorCore.swift */; };
		2A2B44C124D09189003EF752 /* DepartmentView.swift in Sources */ = {isa = PBXBuildFile; fileRef = 2A2B44C024D09189003EF752 /* DepartmentView.swift */; };
		2A2F4BA324C4FC1600B2F8D9 /* Sales.swift in Sources */ = {isa = PBXBuildFile; fileRef = 2A2F4BA224C4FC1600B2F8D9 /* Sales.swift */; };
		2A2F4BCD24C5A26700B2F8D9 /* PersistenceManager.swift in Sources */ = {isa = PBXBuildFile; fileRef = 2A2F4BCC24C5A26700B2F8D9 /* PersistenceManager.swift */; };
		2A2F4BD024C5A72100B2F8D9 /* Factory.swift in Sources */ = {isa = PBXBuildFile; fileRef = 2A2F4BCF24C5A72100B2F8D9 /* Factory.swift */; };
		2A2F4BD224C5A84600B2F8D9 /* Base.swift in Sources */ = {isa = PBXBuildFile; fileRef = 2A2F4BD124C5A84600B2F8D9 /* Base.swift */; };
		2A30470324C778AD0002E5DD /* BasetList.swift in Sources */ = {isa = PBXBuildFile; fileRef = 2A30470224C778AD0002E5DD /* BasetList.swift */; };
		2A30470524C77C3A0002E5DD /* AllSalesList.swift in Sources */ = {isa = PBXBuildFile; fileRef = 2A30470424C77C3A0002E5DD /* AllSalesList.swift */; };
		2A30470724C78F260002E5DD /* BaseEditor.swift in Sources */ = {isa = PBXBuildFile; fileRef = 2A30470624C78F260002E5DD /* BaseEditor.swift */; };
		2A30470924C7995B0002E5DD /* AmountPicker.swift in Sources */ = {isa = PBXBuildFile; fileRef = 2A30470824C7995B0002E5DD /* AmountPicker.swift */; };
		2A30470B24C81AD60002E5DD /* LabelWithDetail.swift in Sources */ = {isa = PBXBuildFile; fileRef = 2A30470A24C81AD60002E5DD /* LabelWithDetail.swift */; };
		2A30470E24C81C030002E5DD /* SwiftPI in Frameworks */ = {isa = PBXBuildFile; productRef = 2A30470D24C81C030002E5DD /* SwiftPI */; };
		2A30471124C836200002E5DD /* AllFeedstockList.swift in Sources */ = {isa = PBXBuildFile; fileRef = 2A30471024C836200002E5DD /* AllFeedstockList.swift */; };
		2A30471324C8734F0002E5DD /* AllFeedstockListTESTING.swift in Sources */ = {isa = PBXBuildFile; fileRef = 2A30471224C8734F0002E5DD /* AllFeedstockListTESTING.swift */; };
		2A30471524C87AB90002E5DD /* Something.swift in Sources */ = {isa = PBXBuildFile; fileRef = 2A30471424C87AB90002E5DD /* Something.swift */; };
		2A30471724C89C5F0002E5DD /* BasePicker.swift in Sources */ = {isa = PBXBuildFile; fileRef = 2A30471624C89C5F0002E5DD /* BasePicker.swift */; };
		2A31654824CCD1E400AF68A1 /* PackagingPicker.swift in Sources */ = {isa = PBXBuildFile; fileRef = 2A31654724CCD1E400AF68A1 /* PackagingPicker.swift */; };
		2A31654A24CCD32000AF68A1 /* Packaging.swift in Sources */ = {isa = PBXBuildFile; fileRef = 2A31654924CCD32000AF68A1 /* Packaging.swift */; };
		2A3746E824CDF97D008D40F1 /* Ingredient.swift in Sources */ = {isa = PBXBuildFile; fileRef = 2A3746E724CDF97D008D40F1 /* Ingredient.swift */; };
		2A68121924CD784500CBDD66 /* PackagingList.swift in Sources */ = {isa = PBXBuildFile; fileRef = 2A68121824CD784500CBDD66 /* PackagingList.swift */; };
		2A68121B24CD844000CBDD66 /* PackagingView.swift in Sources */ = {isa = PBXBuildFile; fileRef = 2A68121A24CD844000CBDD66 /* PackagingView.swift */; };
		2A73358A24CE153C005C6C40 /* IngredientView.swift in Sources */ = {isa = PBXBuildFile; fileRef = 2A73358924CE153C005C6C40 /* IngredientView.swift */; };
		2A74038A24C8CB8200BA7999 /* test.swift in Sources */ = {isa = PBXBuildFile; fileRef = 2A74038924C8CB8200BA7999 /* test.swift */; };
		2A74038E24C8D11F00BA7999 /* SalesEditor.swift in Sources */ = {isa = PBXBuildFile; fileRef = 2A74038D24C8D11F00BA7999 /* SalesEditor.swift */; };
		2A7C3DA524D3795C005A03B3 /* AllWorkersList.swift in Sources */ = {isa = PBXBuildFile; fileRef = 2A7C3DA424D3795C005A03B3 /* AllWorkersList.swift */; };
		2A7C3DA724D3F321005A03B3 /* IssuesList.swift in Sources */ = {isa = PBXBuildFile; fileRef = 2A7C3DA624D3F321005A03B3 /* IssuesList.swift */; };
		2A7C3DA924D3F9A2005A03B3 /* Buyer.swift in Sources */ = {isa = PBXBuildFile; fileRef = 2A7C3DA824D3F9A2005A03B3 /* Buyer.swift */; };
		2A7C3DAB24D3FD59005A03B3 /* Issues.swift in Sources */ = {isa = PBXBuildFile; fileRef = 2A7C3DAA24D3FD59005A03B3 /* Issues.swift */; };
		2A7C3DAD24D41523005A03B3 /* EntityListWithDashboard.swift in Sources */ = {isa = PBXBuildFile; fileRef = 2A7C3DAC24D41523005A03B3 /* EntityListWithDashboard.swift */; };
		2A8113CB24CEB4FA00886C90 /* EntityPicker.swift in Sources */ = {isa = PBXBuildFile; fileRef = 2A8113CA24CEB4FA00886C90 /* EntityPicker.swift */; };
		2A8113CD24CEBFA600886C90 /* Monikerable.swift in Sources */ = {isa = PBXBuildFile; fileRef = 2A8113CC24CEBFA600886C90 /* Monikerable.swift */; };
		2A8113CF24CEC3A500886C90 /* Managed.swift in Sources */ = {isa = PBXBuildFile; fileRef = 2A8113CE24CEC3A500886C90 /* Managed.swift */; };
		2A81582B24CDB09A003A95C0 /* LabelWithDetailView.swift in Sources */ = {isa = PBXBuildFile; fileRef = 2A81582A24CDB09A003A95C0 /* LabelWithDetailView.swift */; };
		2A81582D24CDB0E3003A95C0 /* GenericListSection.swift in Sources */ = {isa = PBXBuildFile; fileRef = 2A81582C24CDB0E3003A95C0 /* GenericListSection.swift */; };
		2A85734124C5CFB3009FF51A /* Equipment.swift in Sources */ = {isa = PBXBuildFile; fileRef = 2A85734024C5CFB3009FF51A /* Equipment.swift */; };
		2A85734324C5D853009FF51A /* Expenses.swift in Sources */ = {isa = PBXBuildFile; fileRef = 2A85734224C5D853009FF51A /* Expenses.swift */; };
		2A85734524C5D8B2009FF51A /* Worker.swift in Sources */ = {isa = PBXBuildFile; fileRef = 2A85734424C5D8B2009FF51A /* Worker.swift */; };
		2A85734724C5DBCF009FF51A /* BaseView.swift in Sources */ = {isa = PBXBuildFile; fileRef = 2A85734624C5DBCF009FF51A /* BaseView.swift */; };
		2A85734924C5FDB1009FF51A /* ListRow.swift in Sources */ = {isa = PBXBuildFile; fileRef = 2A85734824C5FDB1009FF51A /* ListRow.swift */; };
		2A936E5324C63DF100C34381 /* Array+Ext.swift in Sources */ = {isa = PBXBuildFile; fileRef = 2A936E5224C63DF100C34381 /* Array+Ext.swift */; };
		2A936E5524C6D5C200C34381 /* Feedstock.swift in Sources */ = {isa = PBXBuildFile; fileRef = 2A936E5424C6D5C200C34381 /* Feedstock.swift */; };
		2A936E5724C6DB7500C34381 /* Product.swift in Sources */ = {isa = PBXBuildFile; fileRef = 2A936E5624C6DB7500C34381 /* Product.swift */; };
		2A936E5924C6DDDF00C34381 /* Utility.swift in Sources */ = {isa = PBXBuildFile; fileRef = 2A936E5824C6DDDF00C34381 /* Utility.swift */; };
		2A936E5B24C6E09F00C34381 /* BaseGroupList.swift in Sources */ = {isa = PBXBuildFile; fileRef = 2A936E5A24C6E09F00C34381 /* BaseGroupList.swift */; };
		2A936E5D24C6F07F00C34381 /* DivisionView.swift in Sources */ = {isa = PBXBuildFile; fileRef = 2A936E5C24C6F07F00C34381 /* DivisionView.swift */; };
		2A936E5F24C6F9C200C34381 /* WorkerView.swift in Sources */ = {isa = PBXBuildFile; fileRef = 2A936E5E24C6F9C200C34381 /* WorkerView.swift */; };
		2A936E6124C7051500C34381 /* FeedstockView.swift in Sources */ = {isa = PBXBuildFile; fileRef = 2A936E6024C7051500C34381 /* FeedstockView.swift */; };
		2A936E6324C7112B00C34381 /* FeedstockList.swift in Sources */ = {isa = PBXBuildFile; fileRef = 2A936E6224C7112B00C34381 /* FeedstockList.swift */; };
		2A936E6524C7147100C34381 /* SalesList.swift in Sources */ = {isa = PBXBuildFile; fileRef = 2A936E6424C7147100C34381 /* SalesList.swift */; };
		2A936E6924C7182A00C34381 /* UtilityList.swift in Sources */ = {isa = PBXBuildFile; fileRef = 2A936E6824C7182A00C34381 /* UtilityList.swift */; };
		2A936E6B24C7187700C34381 /* UtilityView.swift in Sources */ = {isa = PBXBuildFile; fileRef = 2A936E6A24C7187700C34381 /* UtilityView.swift */; };
		2A936E6D24C71CD700C34381 /* ExpensesList.swift in Sources */ = {isa = PBXBuildFile; fileRef = 2A936E6C24C71CD700C34381 /* ExpensesList.swift */; };
		2A936E6F24C71CFD00C34381 /* ExpensesView.swift in Sources */ = {isa = PBXBuildFile; fileRef = 2A936E6E24C71CFC00C34381 /* ExpensesView.swift */; };
		2A936E7324C71EE200C34381 /* EquipmentView.swift in Sources */ = {isa = PBXBuildFile; fileRef = 2A936E7224C71EE200C34381 /* EquipmentView.swift */; };
		2A93D97624D17B8F00DF1A35 /* PickerWithTextField.swift in Sources */ = {isa = PBXBuildFile; fileRef = 2A93D97524D17B8F00DF1A35 /* PickerWithTextField.swift */; };
		2A93D97824D1995E00DF1A35 /* Orphanable.swift in Sources */ = {isa = PBXBuildFile; fileRef = 2A93D97724D1995E00DF1A35 /* Orphanable.swift */; };
		2A93D97A24D1A51D00DF1A35 /* CreateOrphanButton.swift in Sources */ = {isa = PBXBuildFile; fileRef = 2A93D97924D1A51D00DF1A35 /* CreateOrphanButton.swift */; };
		2A93D97C24D1AB0C00DF1A35 /* CreateChildButton.swift in Sources */ = {isa = PBXBuildFile; fileRef = 2A93D97B24D1AB0C00DF1A35 /* CreateChildButton.swift */; };
		2A93D97E24D1BAF800DF1A35 /* CreateSoloChildButton.swift in Sources */ = {isa = PBXBuildFile; fileRef = 2A93D97D24D1BAF800DF1A35 /* CreateSoloChildButton.swift */; };
		2A93D98024D226D100DF1A35 /* DivisionList.swift in Sources */ = {isa = PBXBuildFile; fileRef = 2A93D97F24D226D100DF1A35 /* DivisionList.swift */; };
		2A93D98224D227E000DF1A35 /* Division.swift in Sources */ = {isa = PBXBuildFile; fileRef = 2A93D98124D227E000DF1A35 /* Division.swift */; };
		2A93D98824D35D9C00DF1A35 /* AllBuyersList.swift in Sources */ = {isa = PBXBuildFile; fileRef = 2A93D98724D35D9C00DF1A35 /* AllBuyersList.swift */; };
		2A93D98C24D35FE000DF1A35 /* BuyerView.swift in Sources */ = {isa = PBXBuildFile; fileRef = 2A93D98B24D35FE000DF1A35 /* BuyerView.swift */; };
		2A94C3DD24D43182000C928E /* EquipmentList.swift in Sources */ = {isa = PBXBuildFile; fileRef = 2A94C3DC24D43182000C928E /* EquipmentList.swift */; };
		2A9C8DAB24D4B46F00AD7C34 /* NSPredicate+Ext.swift in Sources */ = {isa = PBXBuildFile; fileRef = 2A9C8DAA24D4B46F00AD7C34 /* NSPredicate+Ext.swift */; };
		2A9C8DAD24D4B8B000AD7C34 /* BooksView.swift in Sources */ = {isa = PBXBuildFile; fileRef = 2A9C8DAC24D4B8B000AD7C34 /* BooksView.swift */; };
		2A9C8DAF24D4BE3C00AD7C34 /* ProfitLossStatement.swift in Sources */ = {isa = PBXBuildFile; fileRef = 2A9C8DAE24D4BE3C00AD7C34 /* ProfitLossStatement.swift */; };
		2AA8D05D24CC2ED80058D48F /* Department.swift in Sources */ = {isa = PBXBuildFile; fileRef = 2AA8D05C24CC2ED80058D48F /* Department.swift */; };
		2AADA09A24C4F4A8005F1E9F /* Factory_ModelApp.swift in Sources */ = {isa = PBXBuildFile; fileRef = 2AADA09924C4F4A8005F1E9F /* Factory_ModelApp.swift */; };
		2AADA09C24C4F4A8005F1E9F /* ContentView.swift in Sources */ = {isa = PBXBuildFile; fileRef = 2AADA09B24C4F4A8005F1E9F /* ContentView.swift */; };
		2AADA09E24C4F4A9005F1E9F /* Assets.xcassets in Resources */ = {isa = PBXBuildFile; fileRef = 2AADA09D24C4F4A9005F1E9F /* Assets.xcassets */; };
		2AADA0A124C4F4A9005F1E9F /* Preview Assets.xcassets in Resources */ = {isa = PBXBuildFile; fileRef = 2AADA0A024C4F4A9005F1E9F /* Preview Assets.xcassets */; };
		2AADA0AA24C4F4E2005F1E9F /* DataModel.xcdatamodeld in Sources */ = {isa = PBXBuildFile; fileRef = 2AADA0A824C4F4E2005F1E9F /* DataModel.xcdatamodeld */; };
		2AC07F9324C5AA4200BB23B1 /* FactoryList.swift in Sources */ = {isa = PBXBuildFile; fileRef = 2AC07F9224C5AA4200BB23B1 /* FactoryList.swift */; };
		2AC07F9524C5ABA500BB23B1 /* FactoryView.swift in Sources */ = {isa = PBXBuildFile; fileRef = 2AC07F9424C5ABA500BB23B1 /* FactoryView.swift */; };
		2AC0B51524CB128100175819 /* ProductEditor.swift in Sources */ = {isa = PBXBuildFile; fileRef = 2AC0B51424CB128100175819 /* ProductEditor.swift */; };
		2AC7952524C76E7500018817 /* WorkerList.swift in Sources */ = {isa = PBXBuildFile; fileRef = 2AC7952424C76E7500018817 /* WorkerList.swift */; };
		2AF48D7224CA39A40009B672 /* BaseUI.swift in Sources */ = {isa = PBXBuildFile; fileRef = 2AF48D7124CA39A40009B672 /* BaseUI.swift */; };
		2AF8B0ED24CF1495005035FD /* FactoryTracable.swift in Sources */ = {isa = PBXBuildFile; fileRef = 2AF8B0EC24CF1495005035FD /* FactoryTracable.swift */; };
		2AF8EC9124CF5A8000EDA2AE /* Sketchable.swift in Sources */ = {isa = PBXBuildFile; fileRef = 2AF8EC9024CF5A8000EDA2AE /* Sketchable.swift */; };
		2AF8EC9524CFFE1B00EDA2AE /* ListWithDashboard.swift in Sources */ = {isa = PBXBuildFile; fileRef = 2AF8EC9424CFFE1B00EDA2AE /* ListWithDashboard.swift */; };
/* End PBXBuildFile section */

/* Begin PBXFileReference section */
		2A024CF524CD9419001A4B5C /* Validatable.swift */ = {isa = PBXFileReference; lastKnownFileType = sourcecode.swift; path = Validatable.swift; sourceTree = "<group>"; };
		2A02DF1924CAEED400A6E35A /* ProductPicker.swift */ = {isa = PBXFileReference; lastKnownFileType = sourcecode.swift; path = ProductPicker.swift; sourceTree = "<group>"; };
		2A02DF1B24CAF30D00A6E35A /* ProductView.swift */ = {isa = PBXFileReference; lastKnownFileType = sourcecode.swift; path = ProductView.swift; sourceTree = "<group>"; };
		2A02DF1D24CB066F00A6E35A /* ProductList.swift */ = {isa = PBXFileReference; lastKnownFileType = sourcecode.swift; path = ProductList.swift; sourceTree = "<group>"; };
		2A0FBA4024D5597900F963CE /* Offspringable.swift */ = {isa = PBXFileReference; lastKnownFileType = sourcecode.swift; path = Offspringable.swift; sourceTree = "<group>"; };
		2A0FBA4824D5A4E000F963CE /* SalesEditorCore.swift */ = {isa = PBXFileReference; lastKnownFileType = sourcecode.swift; path = SalesEditorCore.swift; sourceTree = "<group>"; };
		2A13E4CE24C9B4BD00016CBC /* StringPicker.swift */ = {isa = PBXFileReference; lastKnownFileType = sourcecode.swift; path = StringPicker.swift; sourceTree = "<group>"; };
		2A13E4D024C9EF5F00016CBC /* Summarizable.swift */ = {isa = PBXFileReference; lastKnownFileType = sourcecode.swift; path = Summarizable.swift; sourceTree = "<group>"; };
		2A1CE59A24D546C9000D9621 /* FinancialLabel.swift */ = {isa = PBXFileReference; lastKnownFileType = sourcecode.swift; path = FinancialLabel.swift; sourceTree = "<group>"; };
		2A21714524D5F2F4000055F3 /* NewEntityCreator.swift */ = {isa = PBXFileReference; lastKnownFileType = sourcecode.swift; path = NewEntityCreator.swift; sourceTree = "<group>"; };
		2A21714724D5F5D0000055F3 /* ProductEditorCore.swift */ = {isa = PBXFileReference; lastKnownFileType = sourcecode.swift; path = ProductEditorCore.swift; sourceTree = "<group>"; };
		2A21714924D5FBBB000055F3 /* IngredientEditorCore.swift */ = {isa = PBXFileReference; lastKnownFileType = sourcecode.swift; path = IngredientEditorCore.swift; sourceTree = "<group>"; };
		2A2B44C024D09189003EF752 /* DepartmentView.swift */ = {isa = PBXFileReference; lastKnownFileType = sourcecode.swift; path = DepartmentView.swift; sourceTree = "<group>"; };
		2A2F4BA224C4FC1600B2F8D9 /* Sales.swift */ = {isa = PBXFileReference; lastKnownFileType = sourcecode.swift; path = Sales.swift; sourceTree = "<group>"; };
		2A2F4BCC24C5A26700B2F8D9 /* PersistenceManager.swift */ = {isa = PBXFileReference; lastKnownFileType = sourcecode.swift; path = PersistenceManager.swift; sourceTree = "<group>"; };
		2A2F4BCF24C5A72100B2F8D9 /* Factory.swift */ = {isa = PBXFileReference; lastKnownFileType = sourcecode.swift; path = Factory.swift; sourceTree = "<group>"; };
		2A2F4BD124C5A84600B2F8D9 /* Base.swift */ = {isa = PBXFileReference; lastKnownFileType = sourcecode.swift; path = Base.swift; sourceTree = "<group>"; };
		2A30470224C778AD0002E5DD /* BasetList.swift */ = {isa = PBXFileReference; lastKnownFileType = sourcecode.swift; path = BasetList.swift; sourceTree = "<group>"; };
		2A30470424C77C3A0002E5DD /* AllSalesList.swift */ = {isa = PBXFileReference; lastKnownFileType = sourcecode.swift; path = AllSalesList.swift; sourceTree = "<group>"; };
		2A30470624C78F260002E5DD /* BaseEditor.swift */ = {isa = PBXFileReference; lastKnownFileType = sourcecode.swift; path = BaseEditor.swift; sourceTree = "<group>"; };
		2A30470824C7995B0002E5DD /* AmountPicker.swift */ = {isa = PBXFileReference; lastKnownFileType = sourcecode.swift; path = AmountPicker.swift; sourceTree = "<group>"; };
		2A30470A24C81AD60002E5DD /* LabelWithDetail.swift */ = {isa = PBXFileReference; lastKnownFileType = sourcecode.swift; path = LabelWithDetail.swift; sourceTree = "<group>"; };
		2A30471024C836200002E5DD /* AllFeedstockList.swift */ = {isa = PBXFileReference; lastKnownFileType = sourcecode.swift; path = AllFeedstockList.swift; sourceTree = "<group>"; };
		2A30471224C8734F0002E5DD /* AllFeedstockListTESTING.swift */ = {isa = PBXFileReference; lastKnownFileType = sourcecode.swift; path = AllFeedstockListTESTING.swift; sourceTree = "<group>"; };
		2A30471424C87AB90002E5DD /* Something.swift */ = {isa = PBXFileReference; lastKnownFileType = sourcecode.swift; path = Something.swift; sourceTree = "<group>"; };
		2A30471624C89C5F0002E5DD /* BasePicker.swift */ = {isa = PBXFileReference; lastKnownFileType = sourcecode.swift; path = BasePicker.swift; sourceTree = "<group>"; };
		2A31654724CCD1E400AF68A1 /* PackagingPicker.swift */ = {isa = PBXFileReference; lastKnownFileType = sourcecode.swift; path = PackagingPicker.swift; sourceTree = "<group>"; };
		2A31654924CCD32000AF68A1 /* Packaging.swift */ = {isa = PBXFileReference; lastKnownFileType = sourcecode.swift; path = Packaging.swift; sourceTree = "<group>"; };
		2A3746E724CDF97D008D40F1 /* Ingredient.swift */ = {isa = PBXFileReference; lastKnownFileType = sourcecode.swift; path = Ingredient.swift; sourceTree = "<group>"; };
		2A68121824CD784500CBDD66 /* PackagingList.swift */ = {isa = PBXFileReference; lastKnownFileType = sourcecode.swift; path = PackagingList.swift; sourceTree = "<group>"; };
		2A68121A24CD844000CBDD66 /* PackagingView.swift */ = {isa = PBXFileReference; lastKnownFileType = sourcecode.swift; path = PackagingView.swift; sourceTree = "<group>"; };
		2A73358924CE153C005C6C40 /* IngredientView.swift */ = {isa = PBXFileReference; lastKnownFileType = sourcecode.swift; path = IngredientView.swift; sourceTree = "<group>"; };
		2A74038924C8CB8200BA7999 /* test.swift */ = {isa = PBXFileReference; lastKnownFileType = sourcecode.swift; path = test.swift; sourceTree = "<group>"; };
		2A74038D24C8D11F00BA7999 /* SalesEditor.swift */ = {isa = PBXFileReference; lastKnownFileType = sourcecode.swift; path = SalesEditor.swift; sourceTree = "<group>"; };
		2A7C3DA424D3795C005A03B3 /* AllWorkersList.swift */ = {isa = PBXFileReference; lastKnownFileType = sourcecode.swift; path = AllWorkersList.swift; sourceTree = "<group>"; };
		2A7C3DA624D3F321005A03B3 /* IssuesList.swift */ = {isa = PBXFileReference; lastKnownFileType = sourcecode.swift; path = IssuesList.swift; sourceTree = "<group>"; };
		2A7C3DA824D3F9A2005A03B3 /* Buyer.swift */ = {isa = PBXFileReference; lastKnownFileType = sourcecode.swift; path = Buyer.swift; sourceTree = "<group>"; };
		2A7C3DAA24D3FD59005A03B3 /* Issues.swift */ = {isa = PBXFileReference; lastKnownFileType = sourcecode.swift; path = Issues.swift; sourceTree = "<group>"; };
		2A7C3DAC24D41523005A03B3 /* EntityListWithDashboard.swift */ = {isa = PBXFileReference; lastKnownFileType = sourcecode.swift; path = EntityListWithDashboard.swift; sourceTree = "<group>"; };
		2A8113CA24CEB4FA00886C90 /* EntityPicker.swift */ = {isa = PBXFileReference; lastKnownFileType = sourcecode.swift; path = EntityPicker.swift; sourceTree = "<group>"; };
		2A8113CC24CEBFA600886C90 /* Monikerable.swift */ = {isa = PBXFileReference; lastKnownFileType = sourcecode.swift; path = Monikerable.swift; sourceTree = "<group>"; };
		2A8113CE24CEC3A500886C90 /* Managed.swift */ = {isa = PBXFileReference; lastKnownFileType = sourcecode.swift; path = Managed.swift; sourceTree = "<group>"; };
		2A81582A24CDB09A003A95C0 /* LabelWithDetailView.swift */ = {isa = PBXFileReference; lastKnownFileType = sourcecode.swift; path = LabelWithDetailView.swift; sourceTree = "<group>"; };
		2A81582C24CDB0E3003A95C0 /* GenericListSection.swift */ = {isa = PBXFileReference; lastKnownFileType = sourcecode.swift; path = GenericListSection.swift; sourceTree = "<group>"; };
		2A85734024C5CFB3009FF51A /* Equipment.swift */ = {isa = PBXFileReference; lastKnownFileType = sourcecode.swift; path = Equipment.swift; sourceTree = "<group>"; };
		2A85734224C5D853009FF51A /* Expenses.swift */ = {isa = PBXFileReference; lastKnownFileType = sourcecode.swift; path = Expenses.swift; sourceTree = "<group>"; };
		2A85734424C5D8B2009FF51A /* Worker.swift */ = {isa = PBXFileReference; lastKnownFileType = sourcecode.swift; path = Worker.swift; sourceTree = "<group>"; };
		2A85734624C5DBCF009FF51A /* BaseView.swift */ = {isa = PBXFileReference; lastKnownFileType = sourcecode.swift; path = BaseView.swift; sourceTree = "<group>"; };
		2A85734824C5FDB1009FF51A /* ListRow.swift */ = {isa = PBXFileReference; lastKnownFileType = sourcecode.swift; path = ListRow.swift; sourceTree = "<group>"; };
		2A85734A24C62A6E009FF51A /* ReduceArrayIntoDictionary.playground */ = {isa = PBXFileReference; lastKnownFileType = file.playground; path = ReduceArrayIntoDictionary.playground; sourceTree = "<group>"; xcLanguageSpecificationIdentifier = xcode.lang.swift; };
		2A936E5224C63DF100C34381 /* Array+Ext.swift */ = {isa = PBXFileReference; lastKnownFileType = sourcecode.swift; path = "Array+Ext.swift"; sourceTree = "<group>"; };
		2A936E5424C6D5C200C34381 /* Feedstock.swift */ = {isa = PBXFileReference; lastKnownFileType = sourcecode.swift; path = Feedstock.swift; sourceTree = "<group>"; };
		2A936E5624C6DB7500C34381 /* Product.swift */ = {isa = PBXFileReference; lastKnownFileType = sourcecode.swift; path = Product.swift; sourceTree = "<group>"; };
		2A936E5824C6DDDF00C34381 /* Utility.swift */ = {isa = PBXFileReference; lastKnownFileType = sourcecode.swift; path = Utility.swift; sourceTree = "<group>"; };
		2A936E5A24C6E09F00C34381 /* BaseGroupList.swift */ = {isa = PBXFileReference; lastKnownFileType = sourcecode.swift; path = BaseGroupList.swift; sourceTree = "<group>"; };
		2A936E5C24C6F07F00C34381 /* DivisionView.swift */ = {isa = PBXFileReference; lastKnownFileType = sourcecode.swift; path = DivisionView.swift; sourceTree = "<group>"; };
		2A936E5E24C6F9C200C34381 /* WorkerView.swift */ = {isa = PBXFileReference; lastKnownFileType = sourcecode.swift; path = WorkerView.swift; sourceTree = "<group>"; };
		2A936E6024C7051500C34381 /* FeedstockView.swift */ = {isa = PBXFileReference; lastKnownFileType = sourcecode.swift; path = FeedstockView.swift; sourceTree = "<group>"; };
		2A936E6224C7112B00C34381 /* FeedstockList.swift */ = {isa = PBXFileReference; lastKnownFileType = sourcecode.swift; path = FeedstockList.swift; sourceTree = "<group>"; };
		2A936E6424C7147100C34381 /* SalesList.swift */ = {isa = PBXFileReference; lastKnownFileType = sourcecode.swift; path = SalesList.swift; sourceTree = "<group>"; };
		2A936E6824C7182A00C34381 /* UtilityList.swift */ = {isa = PBXFileReference; lastKnownFileType = sourcecode.swift; path = UtilityList.swift; sourceTree = "<group>"; };
		2A936E6A24C7187700C34381 /* UtilityView.swift */ = {isa = PBXFileReference; lastKnownFileType = sourcecode.swift; path = UtilityView.swift; sourceTree = "<group>"; };
		2A936E6C24C71CD700C34381 /* ExpensesList.swift */ = {isa = PBXFileReference; lastKnownFileType = sourcecode.swift; path = ExpensesList.swift; sourceTree = "<group>"; };
		2A936E6E24C71CFC00C34381 /* ExpensesView.swift */ = {isa = PBXFileReference; lastKnownFileType = sourcecode.swift; path = ExpensesView.swift; sourceTree = "<group>"; };
		2A936E7224C71EE200C34381 /* EquipmentView.swift */ = {isa = PBXFileReference; lastKnownFileType = sourcecode.swift; path = EquipmentView.swift; sourceTree = "<group>"; };
		2A93D97524D17B8F00DF1A35 /* PickerWithTextField.swift */ = {isa = PBXFileReference; lastKnownFileType = sourcecode.swift; path = PickerWithTextField.swift; sourceTree = "<group>"; };
		2A93D97724D1995E00DF1A35 /* Orphanable.swift */ = {isa = PBXFileReference; lastKnownFileType = sourcecode.swift; path = Orphanable.swift; sourceTree = "<group>"; };
		2A93D97924D1A51D00DF1A35 /* CreateOrphanButton.swift */ = {isa = PBXFileReference; lastKnownFileType = sourcecode.swift; path = CreateOrphanButton.swift; sourceTree = "<group>"; };
		2A93D97B24D1AB0C00DF1A35 /* CreateChildButton.swift */ = {isa = PBXFileReference; lastKnownFileType = sourcecode.swift; path = CreateChildButton.swift; sourceTree = "<group>"; };
		2A93D97D24D1BAF800DF1A35 /* CreateSoloChildButton.swift */ = {isa = PBXFileReference; lastKnownFileType = sourcecode.swift; path = CreateSoloChildButton.swift; sourceTree = "<group>"; };
		2A93D97F24D226D100DF1A35 /* DivisionList.swift */ = {isa = PBXFileReference; lastKnownFileType = sourcecode.swift; path = DivisionList.swift; sourceTree = "<group>"; };
		2A93D98124D227E000DF1A35 /* Division.swift */ = {isa = PBXFileReference; lastKnownFileType = sourcecode.swift; path = Division.swift; sourceTree = "<group>"; };
		2A93D98724D35D9C00DF1A35 /* AllBuyersList.swift */ = {isa = PBXFileReference; lastKnownFileType = sourcecode.swift; path = AllBuyersList.swift; sourceTree = "<group>"; };
		2A93D98B24D35FE000DF1A35 /* BuyerView.swift */ = {isa = PBXFileReference; lastKnownFileType = sourcecode.swift; path = BuyerView.swift; sourceTree = "<group>"; };
		2A94C3DC24D43182000C928E /* EquipmentList.swift */ = {isa = PBXFileReference; fileEncoding = 4; lastKnownFileType = sourcecode.swift; path = EquipmentList.swift; sourceTree = "<group>"; };
		2A9C8DAA24D4B46F00AD7C34 /* NSPredicate+Ext.swift */ = {isa = PBXFileReference; lastKnownFileType = sourcecode.swift; path = "NSPredicate+Ext.swift"; sourceTree = "<group>"; };
		2A9C8DAC24D4B8B000AD7C34 /* BooksView.swift */ = {isa = PBXFileReference; lastKnownFileType = sourcecode.swift; path = BooksView.swift; sourceTree = "<group>"; };
		2A9C8DAE24D4BE3C00AD7C34 /* ProfitLossStatement.swift */ = {isa = PBXFileReference; lastKnownFileType = sourcecode.swift; path = ProfitLossStatement.swift; sourceTree = "<group>"; };
		2AA8D05C24CC2ED80058D48F /* Department.swift */ = {isa = PBXFileReference; lastKnownFileType = sourcecode.swift; path = Department.swift; sourceTree = "<group>"; };
		2AADA09624C4F4A8005F1E9F /* Factory Model.app */ = {isa = PBXFileReference; explicitFileType = wrapper.application; includeInIndex = 0; path = "Factory Model.app"; sourceTree = BUILT_PRODUCTS_DIR; };
		2AADA09924C4F4A8005F1E9F /* Factory_ModelApp.swift */ = {isa = PBXFileReference; lastKnownFileType = sourcecode.swift; path = Factory_ModelApp.swift; sourceTree = "<group>"; };
		2AADA09B24C4F4A8005F1E9F /* ContentView.swift */ = {isa = PBXFileReference; lastKnownFileType = sourcecode.swift; path = ContentView.swift; sourceTree = "<group>"; };
		2AADA09D24C4F4A9005F1E9F /* Assets.xcassets */ = {isa = PBXFileReference; lastKnownFileType = folder.assetcatalog; path = Assets.xcassets; sourceTree = "<group>"; };
		2AADA0A024C4F4A9005F1E9F /* Preview Assets.xcassets */ = {isa = PBXFileReference; lastKnownFileType = folder.assetcatalog; path = "Preview Assets.xcassets"; sourceTree = "<group>"; };
		2AADA0A224C4F4A9005F1E9F /* Info.plist */ = {isa = PBXFileReference; lastKnownFileType = text.plist.xml; path = Info.plist; sourceTree = "<group>"; };
		2AADA0A924C4F4E2005F1E9F /* DataModel.xcdatamodel */ = {isa = PBXFileReference; lastKnownFileType = wrapper.xcdatamodel; path = DataModel.xcdatamodel; sourceTree = "<group>"; };
		2AC07F9224C5AA4200BB23B1 /* FactoryList.swift */ = {isa = PBXFileReference; lastKnownFileType = sourcecode.swift; path = FactoryList.swift; sourceTree = "<group>"; };
		2AC07F9424C5ABA500BB23B1 /* FactoryView.swift */ = {isa = PBXFileReference; lastKnownFileType = sourcecode.swift; path = FactoryView.swift; sourceTree = "<group>"; };
		2AC0B51424CB128100175819 /* ProductEditor.swift */ = {isa = PBXFileReference; lastKnownFileType = sourcecode.swift; path = ProductEditor.swift; sourceTree = "<group>"; };
		2AC7952424C76E7500018817 /* WorkerList.swift */ = {isa = PBXFileReference; lastKnownFileType = sourcecode.swift; path = WorkerList.swift; sourceTree = "<group>"; };
		2AF48D7124CA39A40009B672 /* BaseUI.swift */ = {isa = PBXFileReference; lastKnownFileType = sourcecode.swift; path = BaseUI.swift; sourceTree = "<group>"; };
		2AF8B0EC24CF1495005035FD /* FactoryTracable.swift */ = {isa = PBXFileReference; lastKnownFileType = sourcecode.swift; path = FactoryTracable.swift; sourceTree = "<group>"; };
		2AF8EC9024CF5A8000EDA2AE /* Sketchable.swift */ = {isa = PBXFileReference; lastKnownFileType = sourcecode.swift; path = Sketchable.swift; sourceTree = "<group>"; };
		2AF8EC9424CFFE1B00EDA2AE /* ListWithDashboard.swift */ = {isa = PBXFileReference; lastKnownFileType = sourcecode.swift; path = ListWithDashboard.swift; sourceTree = "<group>"; };
/* End PBXFileReference section */

/* Begin PBXFrameworksBuildPhase section */
		2AADA09324C4F4A8005F1E9F /* Frameworks */ = {
			isa = PBXFrameworksBuildPhase;
			buildActionMask = 2147483647;
			files = (
				2A30470E24C81C030002E5DD /* SwiftPI in Frameworks */,
			);
			runOnlyForDeploymentPostprocessing = 0;
		};
/* End PBXFrameworksBuildPhase section */

/* Begin PBXGroup section */
		2A2F4BCE24C5A42000B2F8D9 /* Core Data Model */ = {
			isa = PBXGroup;
			children = (
				2AADA0A824C4F4E2005F1E9F /* DataModel.xcdatamodeld */,
				2A2F4BCC24C5A26700B2F8D9 /* PersistenceManager.swift */,
				2A2F4BD124C5A84600B2F8D9 /* Base.swift */,
				2A7C3DA824D3F9A2005A03B3 /* Buyer.swift */,
				2AA8D05C24CC2ED80058D48F /* Department.swift */,
				2A93D98124D227E000DF1A35 /* Division.swift */,
				2A85734024C5CFB3009FF51A /* Equipment.swift */,
				2A85734224C5D853009FF51A /* Expenses.swift */,
				2A2F4BCF24C5A72100B2F8D9 /* Factory.swift */,
				2A7C3DAA24D3FD59005A03B3 /* Issues.swift */,
				2A936E5424C6D5C200C34381 /* Feedstock.swift */,
				2A3746E724CDF97D008D40F1 /* Ingredient.swift */,
				2A31654924CCD32000AF68A1 /* Packaging.swift */,
				2A936E5624C6DB7500C34381 /* Product.swift */,
				2A2F4BA224C4FC1600B2F8D9 /* Sales.swift */,
				2A936E5824C6DDDF00C34381 /* Utility.swift */,
				2A85734424C5D8B2009FF51A /* Worker.swift */,
			);
			path = "Core Data Model";
			sourceTree = "<group>";
		};
		2A30470F24C82FEE0002E5DD /* Supporting Views */ = {
			isa = PBXGroup;
			children = (
				2A30470A24C81AD60002E5DD /* LabelWithDetail.swift */,
				2A81582A24CDB09A003A95C0 /* LabelWithDetailView.swift */,
				2A1CE59A24D546C9000D9621 /* FinancialLabel.swift */,
				2A30470824C7995B0002E5DD /* AmountPicker.swift */,
				2A30471624C89C5F0002E5DD /* BasePicker.swift */,
				2A31654724CCD1E400AF68A1 /* PackagingPicker.swift */,
				2A02DF1924CAEED400A6E35A /* ProductPicker.swift */,
				2A13E4CE24C9B4BD00016CBC /* StringPicker.swift */,
				2A93D97524D17B8F00DF1A35 /* PickerWithTextField.swift */,
			);
			path = "Supporting Views";
			sourceTree = "<group>";
		};
		2A31654424CC6DFA00AF68A1 /* Data Model */ = {
			isa = PBXGroup;
			children = (
				2A30471424C87AB90002E5DD /* Something.swift */,
				2AF8B0EC24CF1495005035FD /* FactoryTracable.swift */,
				2A8113CE24CEC3A500886C90 /* Managed.swift */,
				2A8113CC24CEBFA600886C90 /* Monikerable.swift */,
				2A0FBA4024D5597900F963CE /* Offspringable.swift */,
				2A93D97724D1995E00DF1A35 /* Orphanable.swift */,
				2AF8EC9024CF5A8000EDA2AE /* Sketchable.swift */,
				2A13E4D024C9EF5F00016CBC /* Summarizable.swift */,
				2A024CF524CD9419001A4B5C /* Validatable.swift */,
			);
			path = "Data Model";
			sourceTree = "<group>";
		};
		2A31654524CC6E1F00AF68A1 /* Playgrounds */ = {
			isa = PBXGroup;
			children = (
				2A85734A24C62A6E009FF51A /* ReduceArrayIntoDictionary.playground */,
			);
			path = Playgrounds;
			sourceTree = "<group>";
		};
		2A31654624CC6E4000AF68A1 /* WORK IN PROGRESS */ = {
			isa = PBXGroup;
			children = (
				2A74038924C8CB8200BA7999 /* test.swift */,
				2AF48D7124CA39A40009B672 /* BaseUI.swift */,
			);
			path = "WORK IN PROGRESS";
			sourceTree = "<group>";
		};
		2A7C3DAE24D42E3A005A03B3 /* Sales Views */ = {
			isa = PBXGroup;
			children = (
				2A30470424C77C3A0002E5DD /* AllSalesList.swift */,
				2A936E6424C7147100C34381 /* SalesList.swift */,
				2A74038D24C8D11F00BA7999 /* SalesEditor.swift */,
				2A0FBA4824D5A4E000F963CE /* SalesEditorCore.swift */,
			);
			path = "Sales Views";
			sourceTree = "<group>";
		};
		2A7C3DAF24D42E94005A03B3 /* Expenses Views */ = {
			isa = PBXGroup;
			children = (
				2A936E6C24C71CD700C34381 /* ExpensesList.swift */,
				2A936E6E24C71CFC00C34381 /* ExpensesView.swift */,
			);
			path = "Expenses Views";
			sourceTree = "<group>";
		};
		2A7C3DB024D430F0005A03B3 /* Equipment Views */ = {
			isa = PBXGroup;
			children = (
				2A94C3DC24D43182000C928E /* EquipmentList.swift */,
				2A936E7224C71EE200C34381 /* EquipmentView.swift */,
			);
			path = "Equipment Views";
			sourceTree = "<group>";
		};
		2AADA08D24C4F4A8005F1E9F = {
			isa = PBXGroup;
			children = (
				2AADA09824C4F4A8005F1E9F /* Factory Model */,
				2AADA09724C4F4A8005F1E9F /* Products */,
			);
			sourceTree = "<group>";
		};
		2AADA09724C4F4A8005F1E9F /* Products */ = {
			isa = PBXGroup;
			children = (
				2AADA09624C4F4A8005F1E9F /* Factory Model.app */,
			);
			name = Products;
			sourceTree = "<group>";
		};
		2AADA09824C4F4A8005F1E9F /* Factory Model */ = {
			isa = PBXGroup;
			children = (
				2AADA09924C4F4A8005F1E9F /* Factory_ModelApp.swift */,
				2AADA09B24C4F4A8005F1E9F /* ContentView.swift */,
				2A31654624CC6E4000AF68A1 /* WORK IN PROGRESS */,
				2A30470F24C82FEE0002E5DD /* Supporting Views */,
				2AF8EC8B24CF4F9B00EDA2AE /* Generic Views */,
				2AC07F9224C5AA4200BB23B1 /* FactoryList.swift */,
				2AC07F9424C5ABA500BB23B1 /* FactoryView.swift */,
				2A7C3DA624D3F321005A03B3 /* IssuesList.swift */,
				2A93D98724D35D9C00DF1A35 /* AllBuyersList.swift */,
				2A30471024C836200002E5DD /* AllFeedstockList.swift */,
				2A7C3DAE24D42E3A005A03B3 /* Sales Views */,
				2A7C3DA424D3795C005A03B3 /* AllWorkersList.swift */,
				2A93D98B24D35FE000DF1A35 /* BuyerView.swift */,
				2A02DF1D24CB066F00A6E35A /* ProductList.swift */,
				2A02DF1B24CAF30D00A6E35A /* ProductView.swift */,
				2AC0B51424CB128100175819 /* ProductEditor.swift */,
				2A21714724D5F5D0000055F3 /* ProductEditorCore.swift */,
				2A21714924D5FBBB000055F3 /* IngredientEditorCore.swift */,
				2A936E5A24C6E09F00C34381 /* BaseGroupList.swift */,
				2A30470224C778AD0002E5DD /* BasetList.swift */,
				2A85734624C5DBCF009FF51A /* BaseView.swift */,
				2A30470624C78F260002E5DD /* BaseEditor.swift */,
				2A73358924CE153C005C6C40 /* IngredientView.swift */,
				2A93D97F24D226D100DF1A35 /* DivisionList.swift */,
				2A936E5C24C6F07F00C34381 /* DivisionView.swift */,
				2A2B44C024D09189003EF752 /* DepartmentView.swift */,
				2AC7952424C76E7500018817 /* WorkerList.swift */,
				2A936E5E24C6F9C200C34381 /* WorkerView.swift */,
				2A30471224C8734F0002E5DD /* AllFeedstockListTESTING.swift */,
				2A936E6224C7112B00C34381 /* FeedstockList.swift */,
				2A936E6024C7051500C34381 /* FeedstockView.swift */,
				2A68121824CD784500CBDD66 /* PackagingList.swift */,
				2A68121A24CD844000CBDD66 /* PackagingView.swift */,
				2A936E6824C7182A00C34381 /* UtilityList.swift */,
				2A936E6A24C7187700C34381 /* UtilityView.swift */,
				2A9C8DAC24D4B8B000AD7C34 /* BooksView.swift */,
				2A9C8DAE24D4BE3C00AD7C34 /* ProfitLossStatement.swift */,
				2A7C3DAF24D42E94005A03B3 /* Expenses Views */,
				2A7C3DB024D430F0005A03B3 /* Equipment Views */,
				2A31654424CC6DFA00AF68A1 /* Data Model */,
				2A2F4BCE24C5A42000B2F8D9 /* Core Data Model */,
				2A31654524CC6E1F00AF68A1 /* Playgrounds */,
				2A936E5224C63DF100C34381 /* Array+Ext.swift */,
				2A9C8DAA24D4B46F00AD7C34 /* NSPredicate+Ext.swift */,
				2AADA09D24C4F4A9005F1E9F /* Assets.xcassets */,
				2AADA0A224C4F4A9005F1E9F /* Info.plist */,
				2AADA09F24C4F4A9005F1E9F /* Preview Content */,
			);
			path = "Factory Model";
			sourceTree = "<group>";
		};
		2AADA09F24C4F4A9005F1E9F /* Preview Content */ = {
			isa = PBXGroup;
			children = (
				2AADA0A024C4F4A9005F1E9F /* Preview Assets.xcassets */,
			);
			path = "Preview Content";
			sourceTree = "<group>";
		};
		2AF8EC8B24CF4F9B00EDA2AE /* Generic Views */ = {
			isa = PBXGroup;
			children = (
				2A93D97924D1A51D00DF1A35 /* CreateOrphanButton.swift */,
				2A93D97B24D1AB0C00DF1A35 /* CreateChildButton.swift */,
				2A93D97D24D1BAF800DF1A35 /* CreateSoloChildButton.swift */,
				2A85734824C5FDB1009FF51A /* ListRow.swift */,
				2AF8EC9424CFFE1B00EDA2AE /* ListWithDashboard.swift */,
				2A7C3DAC24D41523005A03B3 /* EntityListWithDashboard.swift */,
				2A81582C24CDB0E3003A95C0 /* GenericListSection.swift */,
				2A8113CA24CEB4FA00886C90 /* EntityPicker.swift */,
				2A21714524D5F2F4000055F3 /* NewEntityCreator.swift */,
			);
			path = "Generic Views";
			sourceTree = "<group>";
		};
/* End PBXGroup section */

/* Begin PBXNativeTarget section */
		2AADA09524C4F4A8005F1E9F /* Factory Model */ = {
			isa = PBXNativeTarget;
			buildConfigurationList = 2AADA0A524C4F4A9005F1E9F /* Build configuration list for PBXNativeTarget "Factory Model" */;
			buildPhases = (
				2AADA09224C4F4A8005F1E9F /* Sources */,
				2AADA09324C4F4A8005F1E9F /* Frameworks */,
				2AADA09424C4F4A8005F1E9F /* Resources */,
			);
			buildRules = (
			);
			dependencies = (
			);
			name = "Factory Model";
			packageProductDependencies = (
				2A30470D24C81C030002E5DD /* SwiftPI */,
			);
			productName = "Factory Model";
			productReference = 2AADA09624C4F4A8005F1E9F /* Factory Model.app */;
			productType = "com.apple.product-type.application";
		};
/* End PBXNativeTarget section */

/* Begin PBXProject section */
		2AADA08E24C4F4A8005F1E9F /* Project object */ = {
			isa = PBXProject;
			attributes = {
				LastSwiftUpdateCheck = 1200;
				LastUpgradeCheck = 1200;
				TargetAttributes = {
					2AADA09524C4F4A8005F1E9F = {
						CreatedOnToolsVersion = 12.0;
					};
				};
			};
			buildConfigurationList = 2AADA09124C4F4A8005F1E9F /* Build configuration list for PBXProject "Factory Model" */;
			compatibilityVersion = "Xcode 9.3";
			developmentRegion = en;
			hasScannedForEncodings = 0;
			knownRegions = (
				en,
				Base,
			);
			mainGroup = 2AADA08D24C4F4A8005F1E9F;
			packageReferences = (
				2A30470C24C81C030002E5DD /* XCRemoteSwiftPackageReference "SwiftPI" */,
			);
			productRefGroup = 2AADA09724C4F4A8005F1E9F /* Products */;
			projectDirPath = "";
			projectRoot = "";
			targets = (
				2AADA09524C4F4A8005F1E9F /* Factory Model */,
			);
		};
/* End PBXProject section */

/* Begin PBXResourcesBuildPhase section */
		2AADA09424C4F4A8005F1E9F /* Resources */ = {
			isa = PBXResourcesBuildPhase;
			buildActionMask = 2147483647;
			files = (
				2AADA0A124C4F4A9005F1E9F /* Preview Assets.xcassets in Resources */,
				2AADA09E24C4F4A9005F1E9F /* Assets.xcassets in Resources */,
			);
			runOnlyForDeploymentPostprocessing = 0;
		};
/* End PBXResourcesBuildPhase section */

/* Begin PBXSourcesBuildPhase section */
		2AADA09224C4F4A8005F1E9F /* Sources */ = {
			isa = PBXSourcesBuildPhase;
			buildActionMask = 2147483647;
			files = (
				2A30471724C89C5F0002E5DD /* BasePicker.swift in Sources */,
				2A93D98824D35D9C00DF1A35 /* AllBuyersList.swift in Sources */,
				2A85734324C5D853009FF51A /* Expenses.swift in Sources */,
				2A9C8DAD24D4B8B000AD7C34 /* BooksView.swift in Sources */,
				2AF8EC9524CFFE1B00EDA2AE /* ListWithDashboard.swift in Sources */,
				2A936E6B24C7187700C34381 /* UtilityView.swift in Sources */,
				2A7C3DA724D3F321005A03B3 /* IssuesList.swift in Sources */,
				2A73358A24CE153C005C6C40 /* IngredientView.swift in Sources */,
				2AF48D7224CA39A40009B672 /* BaseUI.swift in Sources */,
				2A936E6324C7112B00C34381 /* FeedstockList.swift in Sources */,
				2AC07F9324C5AA4200BB23B1 /* FactoryList.swift in Sources */,
				2A21714824D5F5D0000055F3 /* ProductEditorCore.swift in Sources */,
				2A30470B24C81AD60002E5DD /* LabelWithDetail.swift in Sources */,
				2A81582B24CDB09A003A95C0 /* LabelWithDetailView.swift in Sources */,
				2A31654824CCD1E400AF68A1 /* PackagingPicker.swift in Sources */,
				2A93D97C24D1AB0C00DF1A35 /* CreateChildButton.swift in Sources */,
				2A30471124C836200002E5DD /* AllFeedstockList.swift in Sources */,
				2A9C8DAF24D4BE3C00AD7C34 /* ProfitLossStatement.swift in Sources */,
				2A02DF1E24CB066F00A6E35A /* ProductList.swift in Sources */,
				2A936E5924C6DDDF00C34381 /* Utility.swift in Sources */,
				2A93D97624D17B8F00DF1A35 /* PickerWithTextField.swift in Sources */,
				2A7C3DAB24D3FD59005A03B3 /* Issues.swift in Sources */,
				2A024CF624CD9419001A4B5C /* Validatable.swift in Sources */,
				2A936E5524C6D5C200C34381 /* Feedstock.swift in Sources */,
				2AF8EC9124CF5A8000EDA2AE /* Sketchable.swift in Sources */,
				2A30470524C77C3A0002E5DD /* AllSalesList.swift in Sources */,
				2A936E6924C7182A00C34381 /* UtilityList.swift in Sources */,
				2A02DF1C24CAF30D00A6E35A /* ProductView.swift in Sources */,
				2AC0B51524CB128100175819 /* ProductEditor.swift in Sources */,
				2A1CE59B24D546C9000D9621 /* FinancialLabel.swift in Sources */,
				2A8113CD24CEBFA600886C90 /* Monikerable.swift in Sources */,
				2A30470924C7995B0002E5DD /* AmountPicker.swift in Sources */,
				2A936E6D24C71CD700C34381 /* ExpensesList.swift in Sources */,
				2A3746E824CDF97D008D40F1 /* Ingredient.swift in Sources */,
				2A8113CF24CEC3A500886C90 /* Managed.swift in Sources */,
				2A13E4D124C9EF5F00016CBC /* Summarizable.swift in Sources */,
				2AA8D05D24CC2ED80058D48F /* Department.swift in Sources */,
				2A93D98224D227E000DF1A35 /* Division.swift in Sources */,
				2A0FBA4124D5597900F963CE /* Offspringable.swift in Sources */,
				2A93D98C24D35FE000DF1A35 /* BuyerView.swift in Sources */,
				2AADA0AA24C4F4E2005F1E9F /* DataModel.xcdatamodeld in Sources */,
				2AC07F9524C5ABA500BB23B1 /* FactoryView.swift in Sources */,
				2A2F4BCD24C5A26700B2F8D9 /* PersistenceManager.swift in Sources */,
				2A85734724C5DBCF009FF51A /* BaseView.swift in Sources */,
				2A85734124C5CFB3009FF51A /* Equipment.swift in Sources */,
				2A85734524C5D8B2009FF51A /* Worker.swift in Sources */,
				2A74038A24C8CB8200BA7999 /* test.swift in Sources */,
				2A7C3DA924D3F9A2005A03B3 /* Buyer.swift in Sources */,
				2A68121B24CD844000CBDD66 /* PackagingView.swift in Sources */,
				2A0FBA4924D5A4E000F963CE /* SalesEditorCore.swift in Sources */,
				2A7C3DA524D3795C005A03B3 /* AllWorkersList.swift in Sources */,
				2A936E5724C6DB7500C34381 /* Product.swift in Sources */,
				2A2F4BD024C5A72100B2F8D9 /* Factory.swift in Sources */,
				2AF8B0ED24CF1495005035FD /* FactoryTracable.swift in Sources */,
				2AADA09C24C4F4A8005F1E9F /* ContentView.swift in Sources */,
				2A30471324C8734F0002E5DD /* AllFeedstockListTESTING.swift in Sources */,
				2A936E6524C7147100C34381 /* SalesList.swift in Sources */,
				2A2F4BA324C4FC1600B2F8D9 /* Sales.swift in Sources */,
				2A2B44C124D09189003EF752 /* DepartmentView.swift in Sources */,
				2A936E7324C71EE200C34381 /* EquipmentView.swift in Sources */,
				2A936E5D24C6F07F00C34381 /* DivisionView.swift in Sources */,
				2A30470724C78F260002E5DD /* BaseEditor.swift in Sources */,
				2A74038E24C8D11F00BA7999 /* SalesEditor.swift in Sources */,
				2A936E6F24C71CFD00C34381 /* ExpensesView.swift in Sources */,
				2A936E6124C7051500C34381 /* FeedstockView.swift in Sources */,
				2A93D98024D226D100DF1A35 /* DivisionList.swift in Sources */,
				2A02DF1A24CAEED400A6E35A /* ProductPicker.swift in Sources */,
				2A93D97824D1995E00DF1A35 /* Orphanable.swift in Sources */,
				2A7C3DAD24D41523005A03B3 /* EntityListWithDashboard.swift in Sources */,
				2AADA09A24C4F4A8005F1E9F /* Factory_ModelApp.swift in Sources */,
				2A30471524C87AB90002E5DD /* Something.swift in Sources */,
				2AC7952524C76E7500018817 /* WorkerList.swift in Sources */,
				2A21714624D5F2F4000055F3 /* NewEntityCreator.swift in Sources */,
				2A94C3DD24D43182000C928E /* EquipmentList.swift in Sources */,
				2A93D97A24D1A51D00DF1A35 /* CreateOrphanButton.swift in Sources */,
				2A936E5324C63DF100C34381 /* Array+Ext.swift in Sources */,
				2A21714A24D5FBBB000055F3 /* IngredientEditorCore.swift in Sources */,
				2A85734924C5FDB1009FF51A /* ListRow.swift in Sources */,
				2A936E5F24C6F9C200C34381 /* WorkerView.swift in Sources */,
				2A93D97E24D1BAF800DF1A35 /* CreateSoloChildButton.swift in Sources */,
				2A31654A24CCD32000AF68A1 /* Packaging.swift in Sources */,
				2A30470324C778AD0002E5DD /* BasetList.swift in Sources */,
				2A9C8DAB24D4B46F00AD7C34 /* NSPredicate+Ext.swift in Sources */,
				2A936E5B24C6E09F00C34381 /* BaseGroupList.swift in Sources */,
				2A8113CB24CEB4FA00886C90 /* EntityPicker.swift in Sources */,
				2A13E4CF24C9B4BD00016CBC /* StringPicker.swift in Sources */,
				2A81582D24CDB0E3003A95C0 /* GenericListSection.swift in Sources */,
				2A2F4BD224C5A84600B2F8D9 /* Base.swift in Sources */,
				2A68121924CD784500CBDD66 /* PackagingList.swift in Sources */,
			);
			runOnlyForDeploymentPostprocessing = 0;
		};
/* End PBXSourcesBuildPhase section */

/* Begin XCBuildConfiguration section */
		2AADA0A324C4F4A9005F1E9F /* Debug */ = {
			isa = XCBuildConfiguration;
			buildSettings = {
				ALWAYS_SEARCH_USER_PATHS = NO;
				CLANG_ANALYZER_NONNULL = YES;
				CLANG_ANALYZER_NUMBER_OBJECT_CONVERSION = YES_AGGRESSIVE;
				CLANG_CXX_LANGUAGE_STANDARD = "gnu++14";
				CLANG_CXX_LIBRARY = "libc++";
				CLANG_ENABLE_MODULES = YES;
				CLANG_ENABLE_OBJC_ARC = YES;
				CLANG_ENABLE_OBJC_WEAK = YES;
				CLANG_WARN_BLOCK_CAPTURE_AUTORELEASING = YES;
				CLANG_WARN_BOOL_CONVERSION = YES;
				CLANG_WARN_COMMA = YES;
				CLANG_WARN_CONSTANT_CONVERSION = YES;
				CLANG_WARN_DEPRECATED_OBJC_IMPLEMENTATIONS = YES;
				CLANG_WARN_DIRECT_OBJC_ISA_USAGE = YES_ERROR;
				CLANG_WARN_DOCUMENTATION_COMMENTS = YES;
				CLANG_WARN_EMPTY_BODY = YES;
				CLANG_WARN_ENUM_CONVERSION = YES;
				CLANG_WARN_INFINITE_RECURSION = YES;
				CLANG_WARN_INT_CONVERSION = YES;
				CLANG_WARN_NON_LITERAL_NULL_CONVERSION = YES;
				CLANG_WARN_OBJC_IMPLICIT_RETAIN_SELF = YES;
				CLANG_WARN_OBJC_LITERAL_CONVERSION = YES;
				CLANG_WARN_OBJC_ROOT_CLASS = YES_ERROR;
				CLANG_WARN_QUOTED_INCLUDE_IN_FRAMEWORK_HEADER = YES;
				CLANG_WARN_RANGE_LOOP_ANALYSIS = YES;
				CLANG_WARN_STRICT_PROTOTYPES = YES;
				CLANG_WARN_SUSPICIOUS_MOVE = YES;
				CLANG_WARN_UNGUARDED_AVAILABILITY = YES_AGGRESSIVE;
				CLANG_WARN_UNREACHABLE_CODE = YES;
				CLANG_WARN__DUPLICATE_METHOD_MATCH = YES;
				COPY_PHASE_STRIP = NO;
				DEBUG_INFORMATION_FORMAT = dwarf;
				ENABLE_STRICT_OBJC_MSGSEND = YES;
				ENABLE_TESTABILITY = YES;
				GCC_C_LANGUAGE_STANDARD = gnu11;
				GCC_DYNAMIC_NO_PIC = NO;
				GCC_NO_COMMON_BLOCKS = YES;
				GCC_OPTIMIZATION_LEVEL = 0;
				GCC_PREPROCESSOR_DEFINITIONS = (
					"DEBUG=1",
					"$(inherited)",
				);
				GCC_WARN_64_TO_32_BIT_CONVERSION = YES;
				GCC_WARN_ABOUT_RETURN_TYPE = YES_ERROR;
				GCC_WARN_UNDECLARED_SELECTOR = YES;
				GCC_WARN_UNINITIALIZED_AUTOS = YES_AGGRESSIVE;
				GCC_WARN_UNUSED_FUNCTION = YES;
				GCC_WARN_UNUSED_VARIABLE = YES;
				IPHONEOS_DEPLOYMENT_TARGET = 14.0;
				MTL_ENABLE_DEBUG_INFO = INCLUDE_SOURCE;
				MTL_FAST_MATH = YES;
				ONLY_ACTIVE_ARCH = YES;
				SDKROOT = iphoneos;
				SWIFT_ACTIVE_COMPILATION_CONDITIONS = DEBUG;
				SWIFT_OPTIMIZATION_LEVEL = "-Onone";
			};
			name = Debug;
		};
		2AADA0A424C4F4A9005F1E9F /* Release */ = {
			isa = XCBuildConfiguration;
			buildSettings = {
				ALWAYS_SEARCH_USER_PATHS = NO;
				CLANG_ANALYZER_NONNULL = YES;
				CLANG_ANALYZER_NUMBER_OBJECT_CONVERSION = YES_AGGRESSIVE;
				CLANG_CXX_LANGUAGE_STANDARD = "gnu++14";
				CLANG_CXX_LIBRARY = "libc++";
				CLANG_ENABLE_MODULES = YES;
				CLANG_ENABLE_OBJC_ARC = YES;
				CLANG_ENABLE_OBJC_WEAK = YES;
				CLANG_WARN_BLOCK_CAPTURE_AUTORELEASING = YES;
				CLANG_WARN_BOOL_CONVERSION = YES;
				CLANG_WARN_COMMA = YES;
				CLANG_WARN_CONSTANT_CONVERSION = YES;
				CLANG_WARN_DEPRECATED_OBJC_IMPLEMENTATIONS = YES;
				CLANG_WARN_DIRECT_OBJC_ISA_USAGE = YES_ERROR;
				CLANG_WARN_DOCUMENTATION_COMMENTS = YES;
				CLANG_WARN_EMPTY_BODY = YES;
				CLANG_WARN_ENUM_CONVERSION = YES;
				CLANG_WARN_INFINITE_RECURSION = YES;
				CLANG_WARN_INT_CONVERSION = YES;
				CLANG_WARN_NON_LITERAL_NULL_CONVERSION = YES;
				CLANG_WARN_OBJC_IMPLICIT_RETAIN_SELF = YES;
				CLANG_WARN_OBJC_LITERAL_CONVERSION = YES;
				CLANG_WARN_OBJC_ROOT_CLASS = YES_ERROR;
				CLANG_WARN_QUOTED_INCLUDE_IN_FRAMEWORK_HEADER = YES;
				CLANG_WARN_RANGE_LOOP_ANALYSIS = YES;
				CLANG_WARN_STRICT_PROTOTYPES = YES;
				CLANG_WARN_SUSPICIOUS_MOVE = YES;
				CLANG_WARN_UNGUARDED_AVAILABILITY = YES_AGGRESSIVE;
				CLANG_WARN_UNREACHABLE_CODE = YES;
				CLANG_WARN__DUPLICATE_METHOD_MATCH = YES;
				COPY_PHASE_STRIP = NO;
				DEBUG_INFORMATION_FORMAT = "dwarf-with-dsym";
				ENABLE_NS_ASSERTIONS = NO;
				ENABLE_STRICT_OBJC_MSGSEND = YES;
				GCC_C_LANGUAGE_STANDARD = gnu11;
				GCC_NO_COMMON_BLOCKS = YES;
				GCC_WARN_64_TO_32_BIT_CONVERSION = YES;
				GCC_WARN_ABOUT_RETURN_TYPE = YES_ERROR;
				GCC_WARN_UNDECLARED_SELECTOR = YES;
				GCC_WARN_UNINITIALIZED_AUTOS = YES_AGGRESSIVE;
				GCC_WARN_UNUSED_FUNCTION = YES;
				GCC_WARN_UNUSED_VARIABLE = YES;
				IPHONEOS_DEPLOYMENT_TARGET = 14.0;
				MTL_ENABLE_DEBUG_INFO = NO;
				MTL_FAST_MATH = YES;
				SDKROOT = iphoneos;
				SWIFT_COMPILATION_MODE = wholemodule;
				SWIFT_OPTIMIZATION_LEVEL = "-O";
				VALIDATE_PRODUCT = YES;
			};
			name = Release;
		};
		2AADA0A624C4F4A9005F1E9F /* Debug */ = {
			isa = XCBuildConfiguration;
			buildSettings = {
				ASSETCATALOG_COMPILER_APPICON_NAME = AppIcon;
				ASSETCATALOG_COMPILER_GLOBAL_ACCENT_COLOR_NAME = AccentColor;
				CODE_SIGN_STYLE = Automatic;
				DEVELOPMENT_ASSET_PATHS = "\"Factory Model/Preview Content\"";
				DEVELOPMENT_TEAM = VRVJ9YNRQU;
				ENABLE_PREVIEWS = YES;
				INFOPLIST_FILE = "Factory Model/Info.plist";
				IPHONEOS_DEPLOYMENT_TARGET = 14.0;
				LD_RUNPATH_SEARCH_PATHS = (
					"$(inherited)",
					"@executable_path/Frameworks",
				);
				PRODUCT_BUNDLE_IDENTIFIER = com.photoigor.FactoryModel;
				PRODUCT_NAME = "$(TARGET_NAME)";
				SWIFT_VERSION = 5.0;
				TARGETED_DEVICE_FAMILY = "1,2";
			};
			name = Debug;
		};
		2AADA0A724C4F4A9005F1E9F /* Release */ = {
			isa = XCBuildConfiguration;
			buildSettings = {
				ASSETCATALOG_COMPILER_APPICON_NAME = AppIcon;
				ASSETCATALOG_COMPILER_GLOBAL_ACCENT_COLOR_NAME = AccentColor;
				CODE_SIGN_STYLE = Automatic;
				DEVELOPMENT_ASSET_PATHS = "\"Factory Model/Preview Content\"";
				DEVELOPMENT_TEAM = VRVJ9YNRQU;
				ENABLE_PREVIEWS = YES;
				INFOPLIST_FILE = "Factory Model/Info.plist";
				IPHONEOS_DEPLOYMENT_TARGET = 14.0;
				LD_RUNPATH_SEARCH_PATHS = (
					"$(inherited)",
					"@executable_path/Frameworks",
				);
				PRODUCT_BUNDLE_IDENTIFIER = com.photoigor.FactoryModel;
				PRODUCT_NAME = "$(TARGET_NAME)";
				SWIFT_VERSION = 5.0;
				TARGETED_DEVICE_FAMILY = "1,2";
			};
			name = Release;
		};
/* End XCBuildConfiguration section */

/* Begin XCConfigurationList section */
		2AADA09124C4F4A8005F1E9F /* Build configuration list for PBXProject "Factory Model" */ = {
			isa = XCConfigurationList;
			buildConfigurations = (
				2AADA0A324C4F4A9005F1E9F /* Debug */,
				2AADA0A424C4F4A9005F1E9F /* Release */,
			);
			defaultConfigurationIsVisible = 0;
			defaultConfigurationName = Release;
		};
		2AADA0A524C4F4A9005F1E9F /* Build configuration list for PBXNativeTarget "Factory Model" */ = {
			isa = XCConfigurationList;
			buildConfigurations = (
				2AADA0A624C4F4A9005F1E9F /* Debug */,
				2AADA0A724C4F4A9005F1E9F /* Release */,
			);
			defaultConfigurationIsVisible = 0;
			defaultConfigurationName = Release;
		};
/* End XCConfigurationList section */

/* Begin XCRemoteSwiftPackageReference section */
		2A30470C24C81C030002E5DD /* XCRemoteSwiftPackageReference "SwiftPI" */ = {
			isa = XCRemoteSwiftPackageReference;
			repositoryURL = "https://github.com/igor1309/SwiftPI.git";
			requirement = {
				branch = master;
				kind = branch;
			};
		};
/* End XCRemoteSwiftPackageReference section */

/* Begin XCSwiftPackageProductDependency section */
		2A30470D24C81C030002E5DD /* SwiftPI */ = {
			isa = XCSwiftPackageProductDependency;
			package = 2A30470C24C81C030002E5DD /* XCRemoteSwiftPackageReference "SwiftPI" */;
			productName = SwiftPI;
		};
/* End XCSwiftPackageProductDependency section */

/* Begin XCVersionGroup section */
		2AADA0A824C4F4E2005F1E9F /* DataModel.xcdatamodeld */ = {
			isa = XCVersionGroup;
			children = (
				2AADA0A924C4F4E2005F1E9F /* DataModel.xcdatamodel */,
			);
			currentVersion = 2AADA0A924C4F4E2005F1E9F /* DataModel.xcdatamodel */;
			path = DataModel.xcdatamodeld;
			sourceTree = "<group>";
			versionGroupType = wrapper.xcdatamodel;
		};
/* End XCVersionGroup section */
	};
	rootObject = 2AADA08E24C4F4A8005F1E9F /* Project object */;
}
