{
  "object": {
    "pins": [
      {
        "package": "SwiftPI",
        "repositoryURL": "https://github.com/igor1309/SwiftPI.git",
        "state": {
          "branch": "master",
          "revision": "6c308dfce657073e214038eff97e741f88a5dcee",
          "version": null
        }
      }
    ]
  },
  "version": 1
}
